# This file was autogenerated by Stack.
# You should not edit this file by hand.
# For more information, please see the documentation at:
#   https://docs.haskellstack.org/en/stable/lock_files

packages:
- completed:
    hackage: xmonad-dbus-0.1.0.1@sha256:f8b84266d4eab5a18dd264a5aa4727685b7370f94a6c6fdf531cfe3db5198b18,1561
    pantry-tree:
      size: 366
      sha256: 9cb6828ad50c36d29dcea0fe11c317e14fc27a0ebe2c650d052a77bdea3ef3a4
  original:
    hackage: xmonad-dbus-0.1.0.1@sha256:f8b84266d4eab5a18dd264a5aa4727685b7370f94a6c6fdf531cfe3db5198b18,1561
snapshots:
- completed:
    size: 618876
    url: https://raw.githubusercontent.com/commercialhaskell/stackage-snapshots/master/lts/19/6.yaml
    sha256: fb634b19f31da06684bb07ce02a20c75a3162138f279b388905b03ebd57bb50f
  original:
    url: https://raw.githubusercontent.com/commercialhaskell/stackage-snapshots/master/lts/19/6.yaml
